
Microsoft Visual Studio Solution File, Format Version 12.00
# Visual Studio Version 16
VisualStudioVersion = 16.0.29728.190
MinimumVisualStudioVersion = 10.0.40219.1
Project("{159641D6-6404-4A2A-AE62-294DE0FE8301}") = "DA", "DA.dtproj", "{879019E5-E8D2-4320-AA92-A9F2EE70B37D}"
EndProject
Global
	GlobalSection(SolutionConfigurationPlatforms) = preSolution
		Development|Default = Development|Default
	EndGlobalSection
	GlobalSection(ProjectConfigurationPlatforms) = postSolution
		{879019E5-E8D2-4320-AA92-A9F2EE70B37D}.Development|Default.ActiveCfg = Development
		{879019E5-E8D2-4320-AA92-A9F2EE70B37D}.Development|Default.Build.0 = Development
	EndGlobalSection
	GlobalSection(SolutionProperties) = preSolution
		HideSolutionNode = FALSE
	EndGlobalSection
	GlobalSection(ExtensibilityGlobals) = postSolution
		SolutionGuid = {D1A0201F-4306-441D-A741-0BAA0762AF9D}
	EndGlobalSection
EndGlobal
